
Microsoft Visual Studio Solution File, Format Version 12.00
# Visual Studio Version 17
VisualStudioVersion = 17.0.31903.59
MinimumVisualStudioVersion = 10.0.40219.1
Project("{FAE04EC0-301F-11D3-BF4B-00C04F79EFBC}") = "SlateDb", "src\SlateDb\SlateDb.csproj", "{C6D3903B-EF29-4320-913A-32B550608271}"
EndProject
Project("{FAE04EC0-301F-11D3-BF4B-00C04F79EFBC}") = "SlateDbLauncher", "src\SlateDbLauncher\SlateDbLauncher.csproj", "{1E5261E6-96E3-44D2-8D43-AC0ADEA5F8E8}"
EndProject
Project("{FAE04EC0-301F-11D3-BF4B-00C04F79EFBC}") = "SlateDbUnitTests", "src\SlateDbUnitTests\SlateDbUnitTests.csproj", "{19987700-942B-4D1C-8DB6-05C97710966C}"
EndProject
Global
	GlobalSection(SolutionConfigurationPlatforms) = preSolution
		Debug|Any CPU = Debug|Any CPU
		Release|Any CPU = Release|Any CPU
	EndGlobalSection
	GlobalSection(SolutionProperties) = preSolution
		HideSolutionNode = FALSE
	EndGlobalSection
	GlobalSection(ProjectConfigurationPlatforms) = postSolution
		{C6D3903B-EF29-4320-913A-32B550608271}.Debug|Any CPU.ActiveCfg = Debug|Any CPU
		{C6D3903B-EF29-4320-913A-32B550608271}.Debug|Any CPU.Build.0 = Debug|Any CPU
		{C6D3903B-EF29-4320-913A-32B550608271}.Release|Any CPU.ActiveCfg = Release|Any CPU
		{C6D3903B-EF29-4320-913A-32B550608271}.Release|Any CPU.Build.0 = Release|Any CPU
		{1E5261E6-96E3-44D2-8D43-AC0ADEA5F8E8}.Debug|Any CPU.ActiveCfg = Debug|Any CPU
		{1E5261E6-96E3-44D2-8D43-AC0ADEA5F8E8}.Debug|Any CPU.Build.0 = Debug|Any CPU
		{1E5261E6-96E3-44D2-8D43-AC0ADEA5F8E8}.Release|Any CPU.ActiveCfg = Release|Any CPU
		{1E5261E6-96E3-44D2-8D43-AC0ADEA5F8E8}.Release|Any CPU.Build.0 = Release|Any CPU
		{19987700-942B-4D1C-8DB6-05C97710966C}.Debug|Any CPU.ActiveCfg = Debug|Any CPU
		{19987700-942B-4D1C-8DB6-05C97710966C}.Debug|Any CPU.Build.0 = Debug|Any CPU
		{19987700-942B-4D1C-8DB6-05C97710966C}.Release|Any CPU.ActiveCfg = Release|Any CPU
		{19987700-942B-4D1C-8DB6-05C97710966C}.Release|Any CPU.Build.0 = Release|Any CPU
	EndGlobalSection
EndGlobal
